
Microsoft Visual Studio Solution File, Format Version 12.00
# Visual Studio Version 17
VisualStudioVersion = 17.5.002.0
MinimumVisualStudioVersion = 10.0.40219.1
Project("{9A19103F-16F7-4668-BE54-9A1E7A4F7556}") = "ContatosApi", "ContatosApi.csproj", "{16BDF872-E063-4D9F-B1CF-DD14F9438F65}"
EndProject
Global
	GlobalSection(SolutionConfigurationPlatforms) = preSolution
		Debug|Any CPU = Debug|Any CPU
		Release|Any CPU = Release|Any CPU
	EndGlobalSection
	GlobalSection(ProjectConfigurationPlatforms) = postSolution
		{16BDF872-E063-4D9F-B1CF-DD14F9438F65}.Debug|Any CPU.ActiveCfg = Debug|Any CPU
		{16BDF872-E063-4D9F-B1CF-DD14F9438F65}.Debug|Any CPU.Build.0 = Debug|Any CPU
		{16BDF872-E063-4D9F-B1CF-DD14F9438F65}.Release|Any CPU.ActiveCfg = Release|Any CPU
		{16BDF872-E063-4D9F-B1CF-DD14F9438F65}.Release|Any CPU.Build.0 = Release|Any CPU
	EndGlobalSection
	GlobalSection(SolutionProperties) = preSolution
		HideSolutionNode = FALSE
	EndGlobalSection
	GlobalSection(ExtensibilityGlobals) = postSolution
		SolutionGuid = {37C2D429-75BF-4C46-9F60-43426E328EC2}
	EndGlobalSection
EndGlobal
